
Microsoft Visual Studio Solution File, Format Version 12.00
# Visual Studio Version 16
VisualStudioVersion = 16.0.30804.86
MinimumVisualStudioVersion = 10.0.40219.1
Project("{9A19103F-16F7-4668-BE54-9A1E7A4F7556}") = "Business", "Business\Business.csproj", "{42EE6CD9-A3C4-401E-894F-EA3213AF1D9F}"
EndProject
Project("{9A19103F-16F7-4668-BE54-9A1E7A4F7556}") = "Entities", "Entities\Entities.csproj", "{BBBCDAD4-E523-4B97-B501-D76523558331}"
EndProject
Project("{9A19103F-16F7-4668-BE54-9A1E7A4F7556}") = "DataAccess", "DataAccess\DataAccess.csproj", "{8BED6A99-E6E5-47EB-80EE-BB2CC5B21390}"
EndProject
Project("{9A19103F-16F7-4668-BE54-9A1E7A4F7556}") = "Core", "Core\Core.csproj", "{A578CA4E-C7E7-40BE-8039-F24F17723A85}"
EndProject
Project("{FAE04EC0-301F-11D3-BF4B-00C04F79EFBC}") = "WebAPI", "WebAPI\WebAPI.csproj", "{21C38858-C51C-4A58-9F62-E78904C88B3C}"
EndProject
Global
	GlobalSection(SolutionConfigurationPlatforms) = preSolution
		Debug|Any CPU = Debug|Any CPU
		Release|Any CPU = Release|Any CPU
	EndGlobalSection
	GlobalSection(ProjectConfigurationPlatforms) = postSolution
		{42EE6CD9-A3C4-401E-894F-EA3213AF1D9F}.Debug|Any CPU.ActiveCfg = Debug|Any CPU
		{42EE6CD9-A3C4-401E-894F-EA3213AF1D9F}.Debug|Any CPU.Build.0 = Debug|Any CPU
		{42EE6CD9-A3C4-401E-894F-EA3213AF1D9F}.Release|Any CPU.ActiveCfg = Release|Any CPU
		{42EE6CD9-A3C4-401E-894F-EA3213AF1D9F}.Release|Any CPU.Build.0 = Release|Any CPU
		{BBBCDAD4-E523-4B97-B501-D76523558331}.Debug|Any CPU.ActiveCfg = Debug|Any CPU
		{BBBCDAD4-E523-4B97-B501-D76523558331}.Debug|Any CPU.Build.0 = Debug|Any CPU
		{BBBCDAD4-E523-4B97-B501-D76523558331}.Release|Any CPU.ActiveCfg = Release|Any CPU
		{BBBCDAD4-E523-4B97-B501-D76523558331}.Release|Any CPU.Build.0 = Release|Any CPU
		{8BED6A99-E6E5-47EB-80EE-BB2CC5B21390}.Debug|Any CPU.ActiveCfg = Debug|Any CPU
		{8BED6A99-E6E5-47EB-80EE-BB2CC5B21390}.Debug|Any CPU.Build.0 = Debug|Any CPU
		{8BED6A99-E6E5-47EB-80EE-BB2CC5B21390}.Release|Any CPU.ActiveCfg = Release|Any CPU
		{8BED6A99-E6E5-47EB-80EE-BB2CC5B21390}.Release|Any CPU.Build.0 = Release|Any CPU
		{A578CA4E-C7E7-40BE-8039-F24F17723A85}.Debug|Any CPU.ActiveCfg = Debug|Any CPU
		{A578CA4E-C7E7-40BE-8039-F24F17723A85}.Debug|Any CPU.Build.0 = Debug|Any CPU
		{A578CA4E-C7E7-40BE-8039-F24F17723A85}.Release|Any CPU.ActiveCfg = Release|Any CPU
		{A578CA4E-C7E7-40BE-8039-F24F17723A85}.Release|Any CPU.Build.0 = Release|Any CPU
		{21C38858-C51C-4A58-9F62-E78904C88B3C}.Debug|Any CPU.ActiveCfg = Debug|Any CPU
		{21C38858-C51C-4A58-9F62-E78904C88B3C}.Debug|Any CPU.Build.0 = Debug|Any CPU
		{21C38858-C51C-4A58-9F62-E78904C88B3C}.Release|Any CPU.ActiveCfg = Release|Any CPU
		{21C38858-C51C-4A58-9F62-E78904C88B3C}.Release|Any CPU.Build.0 = Release|Any CPU
	EndGlobalSection
	GlobalSection(SolutionProperties) = preSolution
		HideSolutionNode = FALSE
	EndGlobalSection
	GlobalSection(ExtensibilityGlobals) = postSolution
		SolutionGuid = {6CFC1823-549F-490B-BD8F-36C77ADB429B}
	EndGlobalSection
EndGlobal
